
Microsoft Visual Studio Solution File, Format Version 12.00
# Visual Studio Version 17
VisualStudioVersion = 17.0.31903.59
MinimumVisualStudioVersion = 10.0.40219.1
Project("{FAE04EC0-301F-11D3-BF4B-00C04F79EFBC}") = "API", "API\API.csproj", "{6BA6F042-51AA-4AF7-A623-705975A3108B}"
EndProject
Project("{FAE04EC0-301F-11D3-BF4B-00C04F79EFBC}") = "Core", "Core\Core.csproj", "{8B4F1BDE-6236-44DF-AD50-41E784355976}"
EndProject
Project("{FAE04EC0-301F-11D3-BF4B-00C04F79EFBC}") = "Infrastructure", "Infrastructure\Infrastructure.csproj", "{C3D25FF4-EAC8-4E1D-8EB1-B416C74CBF21}"
EndProject
Global
	GlobalSection(SolutionConfigurationPlatforms) = preSolution
		Debug|Any CPU = Debug|Any CPU
		Release|Any CPU = Release|Any CPU
	EndGlobalSection
	GlobalSection(SolutionProperties) = preSolution
		HideSolutionNode = FALSE
	EndGlobalSection
	GlobalSection(ProjectConfigurationPlatforms) = postSolution
		{6BA6F042-51AA-4AF7-A623-705975A3108B}.Debug|Any CPU.ActiveCfg = Debug|Any CPU
		{6BA6F042-51AA-4AF7-A623-705975A3108B}.Debug|Any CPU.Build.0 = Debug|Any CPU
		{6BA6F042-51AA-4AF7-A623-705975A3108B}.Release|Any CPU.ActiveCfg = Release|Any CPU
		{6BA6F042-51AA-4AF7-A623-705975A3108B}.Release|Any CPU.Build.0 = Release|Any CPU
		{8B4F1BDE-6236-44DF-AD50-41E784355976}.Debug|Any CPU.ActiveCfg = Debug|Any CPU
		{8B4F1BDE-6236-44DF-AD50-41E784355976}.Debug|Any CPU.Build.0 = Debug|Any CPU
		{8B4F1BDE-6236-44DF-AD50-41E784355976}.Release|Any CPU.ActiveCfg = Release|Any CPU
		{8B4F1BDE-6236-44DF-AD50-41E784355976}.Release|Any CPU.Build.0 = Release|Any CPU
		{C3D25FF4-EAC8-4E1D-8EB1-B416C74CBF21}.Debug|Any CPU.ActiveCfg = Debug|Any CPU
		{C3D25FF4-EAC8-4E1D-8EB1-B416C74CBF21}.Debug|Any CPU.Build.0 = Debug|Any CPU
		{C3D25FF4-EAC8-4E1D-8EB1-B416C74CBF21}.Release|Any CPU.ActiveCfg = Release|Any CPU
		{C3D25FF4-EAC8-4E1D-8EB1-B416C74CBF21}.Release|Any CPU.Build.0 = Release|Any CPU
	EndGlobalSection
EndGlobal
